
Microsoft Visual Studio Solution File, Format Version 12.00
# Visual Studio Version 16
VisualStudioVersion = 16.0.31313.79
MinimumVisualStudioVersion = 10.0.40219.1
Project("{9A19103F-16F7-4668-BE54-9A1E7A4F7556}") = "PracticalTest", "PracticalTest\PracticalTest.csproj", "{E85DD5E1-DB80-4033-B098-FD4178150510}"
EndProject
Project("{9A19103F-16F7-4668-BE54-9A1E7A4F7556}") = "PracticalTest.Service", "PracticalTest.Service\PracticalTest.Service.csproj", "{F11C0307-3840-4672-85E6-BCB32F681C9F}"
EndProject
Project("{9A19103F-16F7-4668-BE54-9A1E7A4F7556}") = "PracticalTest.Domain", "PracticalTest.Domain\PracticalTest.Domain.csproj", "{59363611-0F22-48FD-BD93-7C2C54434E5D}"
EndProject
Project("{FAE04EC0-301F-11D3-BF4B-00C04F79EFBC}") = "PractialTest.Repository", "PractialTest.Repository\PractialTest.Repository.csproj", "{BDF26B8E-4837-43B2-AA73-0C42B181F35E}"
EndProject
Global
	GlobalSection(SolutionConfigurationPlatforms) = preSolution
		Debug|Any CPU = Debug|Any CPU
		Release|Any CPU = Release|Any CPU
	EndGlobalSection
	GlobalSection(ProjectConfigurationPlatforms) = postSolution
		{E85DD5E1-DB80-4033-B098-FD4178150510}.Debug|Any CPU.ActiveCfg = Debug|Any CPU
		{E85DD5E1-DB80-4033-B098-FD4178150510}.Debug|Any CPU.Build.0 = Debug|Any CPU
		{E85DD5E1-DB80-4033-B098-FD4178150510}.Release|Any CPU.ActiveCfg = Release|Any CPU
		{E85DD5E1-DB80-4033-B098-FD4178150510}.Release|Any CPU.Build.0 = Release|Any CPU
		{F11C0307-3840-4672-85E6-BCB32F681C9F}.Debug|Any CPU.ActiveCfg = Debug|Any CPU
		{F11C0307-3840-4672-85E6-BCB32F681C9F}.Debug|Any CPU.Build.0 = Debug|Any CPU
		{F11C0307-3840-4672-85E6-BCB32F681C9F}.Release|Any CPU.ActiveCfg = Release|Any CPU
		{F11C0307-3840-4672-85E6-BCB32F681C9F}.Release|Any CPU.Build.0 = Release|Any CPU
		{59363611-0F22-48FD-BD93-7C2C54434E5D}.Debug|Any CPU.ActiveCfg = Debug|Any CPU
		{59363611-0F22-48FD-BD93-7C2C54434E5D}.Debug|Any CPU.Build.0 = Debug|Any CPU
		{59363611-0F22-48FD-BD93-7C2C54434E5D}.Release|Any CPU.ActiveCfg = Release|Any CPU
		{59363611-0F22-48FD-BD93-7C2C54434E5D}.Release|Any CPU.Build.0 = Release|Any CPU
		{BDF26B8E-4837-43B2-AA73-0C42B181F35E}.Debug|Any CPU.ActiveCfg = Debug|Any CPU
		{BDF26B8E-4837-43B2-AA73-0C42B181F35E}.Debug|Any CPU.Build.0 = Debug|Any CPU
		{BDF26B8E-4837-43B2-AA73-0C42B181F35E}.Release|Any CPU.ActiveCfg = Release|Any CPU
		{BDF26B8E-4837-43B2-AA73-0C42B181F35E}.Release|Any CPU.Build.0 = Release|Any CPU
	EndGlobalSection
	GlobalSection(SolutionProperties) = preSolution
		HideSolutionNode = FALSE
	EndGlobalSection
	GlobalSection(ExtensibilityGlobals) = postSolution
		SolutionGuid = {7341647E-0C40-49CF-B9B3-3EFB390D34E9}
	EndGlobalSection
EndGlobal
